
Microsoft Visual Studio Solution File, Format Version 12.00
# Visual Studio 14
VisualStudioVersion = 14.0.25420.1
MinimumVisualStudioVersion = 10.0.40219.1
Project("{FAE04EC0-301F-11D3-BF4B-00C04F79EFBC}") = "PI_OTDAV_Web", "PI_OTDAV_Web\PI_OTDAV_Web.csproj", "{AEE52228-EAC5-4552-B3B4-1E2FF49D06D7}"
EndProject
Project("{FAE04EC0-301F-11D3-BF4B-00C04F79EFBC}") = "DS.Domain", "E:\DS_exam\DS_exam\DS.Domain\DS.Domain.csproj", "{495D993E-4D86-4C4D-8BC7-87AECCACC1BC}"
EndProject
Project("{FAE04EC0-301F-11D3-BF4B-00C04F79EFBC}") = "DS.Service", "E:\DS_exam\DS_exam\DS.Service\DS.Service.csproj", "{128EF141-D3FF-4C8F-ADC7-1BE48F3B32E5}"
EndProject
Project("{FAE04EC0-301F-11D3-BF4B-00C04F79EFBC}") = "Service.Pattern", "E:\DS_exam\DS_exam\Service.Pattern\Service.Pattern.csproj", "{20280975-3F4F-4F5F-90C1-7FF91E8383D0}"
EndProject
Global
	GlobalSection(SolutionConfigurationPlatforms) = preSolution
		Debug|Any CPU = Debug|Any CPU
		Release|Any CPU = Release|Any CPU
	EndGlobalSection
	GlobalSection(ProjectConfigurationPlatforms) = postSolution
		{AEE52228-EAC5-4552-B3B4-1E2FF49D06D7}.Debug|Any CPU.ActiveCfg = Debug|Any CPU
		{AEE52228-EAC5-4552-B3B4-1E2FF49D06D7}.Debug|Any CPU.Build.0 = Debug|Any CPU
		{AEE52228-EAC5-4552-B3B4-1E2FF49D06D7}.Release|Any CPU.ActiveCfg = Release|Any CPU
		{AEE52228-EAC5-4552-B3B4-1E2FF49D06D7}.Release|Any CPU.Build.0 = Release|Any CPU
		{495D993E-4D86-4C4D-8BC7-87AECCACC1BC}.Debug|Any CPU.ActiveCfg = Debug|Any CPU
		{495D993E-4D86-4C4D-8BC7-87AECCACC1BC}.Debug|Any CPU.Build.0 = Debug|Any CPU
		{495D993E-4D86-4C4D-8BC7-87AECCACC1BC}.Release|Any CPU.ActiveCfg = Release|Any CPU
		{495D993E-4D86-4C4D-8BC7-87AECCACC1BC}.Release|Any CPU.Build.0 = Release|Any CPU
		{128EF141-D3FF-4C8F-ADC7-1BE48F3B32E5}.Debug|Any CPU.ActiveCfg = Debug|Any CPU
		{128EF141-D3FF-4C8F-ADC7-1BE48F3B32E5}.Debug|Any CPU.Build.0 = Debug|Any CPU
		{128EF141-D3FF-4C8F-ADC7-1BE48F3B32E5}.Release|Any CPU.ActiveCfg = Release|Any CPU
		{128EF141-D3FF-4C8F-ADC7-1BE48F3B32E5}.Release|Any CPU.Build.0 = Release|Any CPU
		{20280975-3F4F-4F5F-90C1-7FF91E8383D0}.Debug|Any CPU.ActiveCfg = Debug|Any CPU
		{20280975-3F4F-4F5F-90C1-7FF91E8383D0}.Debug|Any CPU.Build.0 = Debug|Any CPU
		{20280975-3F4F-4F5F-90C1-7FF91E8383D0}.Release|Any CPU.ActiveCfg = Release|Any CPU
		{20280975-3F4F-4F5F-90C1-7FF91E8383D0}.Release|Any CPU.Build.0 = Release|Any CPU
	EndGlobalSection
	GlobalSection(SolutionProperties) = preSolution
		HideSolutionNode = FALSE
	EndGlobalSection
	GlobalSection(ExtensibilityGlobals) = postSolution
		SolutionGuid = {02D3A493-C41E-4FAE-B9FD-69DFC58F1C5E}
	EndGlobalSection
EndGlobal
